// !$*UTF8*$!
{
	archiveVersion = 1;
	classes = {
	};
	objectVersion = 56;
	objects = {

/* Begin PBXBuildFile section */
		D66A201C2C62FBB100853C44 /* VideoStackPOCApp.swift in Sources */ = {isa = PBXBuildFile; fileRef = D66A201B2C62FBB100853C44 /* VideoStackPOCApp.swift */; };
		D66A201E2C62FBB100853C44 /* ContentView.swift in Sources */ = {isa = PBXBuildFile; fileRef = D66A201D2C62FBB100853C44 /* ContentView.swift */; };
		D66A20202C62FBB200853C44 /* Assets.xcassets in Resources */ = {isa = PBXBuildFile; fileRef = D66A201F2C62FBB200853C44 /* Assets.xcassets */; };
		D66A20232C62FBB200853C44 /* Preview Assets.xcassets in Resources */ = {isa = PBXBuildFile; fileRef = D66A20222C62FBB200853C44 /* Preview Assets.xcassets */; };
		D66A202A2C6309A100853C44 /* VerticalFeedView.swift in Sources */ = {isa = PBXBuildFile; fileRef = D66A20292C6309A100853C44 /* VerticalFeedView.swift */; };
		D66A202C2C63120900853C44 /* VideoView.swift in Sources */ = {isa = PBXBuildFile; fileRef = D66A202B2C63120900853C44 /* VideoView.swift */; };
		D66A202E2C6326FF00853C44 /* VideoPlayerManager.swift in Sources */ = {isa = PBXBuildFile; fileRef = D66A202D2C6326FF00853C44 /* VideoPlayerManager.swift */; };
		D66A20302C634AE600853C44 /* response.json in Resources */ = {isa = PBXBuildFile; fileRef = D66A202F2C634AE600853C44 /* response.json */; };
		D66A20322C634E5A00853C44 /* feed.json in Resources */ = {isa = PBXBuildFile; fileRef = D66A20312C634E5A00853C44 /* feed.json */; };
		D66A20342C6355E900853C44 /* CustomVideoPlayerView.swift in Sources */ = {isa = PBXBuildFile; fileRef = D66A20332C6355E900853C44 /* CustomVideoPlayerView.swift */; };
		F63884EA2C771B01007041FA /* InsetItemsGridViewController.swift in Sources */ = {isa = PBXBuildFile; fileRef = F63884E92C771B01007041FA /* InsetItemsGridViewController.swift */; };
		F63884ED2C771B3E007041FA /* ViewControllerRepresentable.swift in Sources */ = {isa = PBXBuildFile; fileRef = F63884EC2C771B3E007041FA /* ViewControllerRepresentable.swift */; };
		F63884EF2C771B55007041FA /* TextCell.swift in Sources */ = {isa = PBXBuildFile; fileRef = F63884EE2C771B55007041FA /* TextCell.swift */; };
		F63884F12C771B75007041FA /* Extensions.swift in Sources */ = {isa = PBXBuildFile; fileRef = F63884F02C771B75007041FA /* Extensions.swift */; };
		F63884F32C771C6D007041FA /* SportsView.swift in Sources */ = {isa = PBXBuildFile; fileRef = F63884F22C771C64007041FA /* SportsView.swift */; };
		F64ED9F42C6D2CC100F7DFF2 /* AdaptiveSidebarModifier.swift in Sources */ = {isa = PBXBuildFile; fileRef = F64ED9F32C6D2CC100F7DFF2 /* AdaptiveSidebarModifier.swift */; };
		F64ED9F62C6D2CE900F7DFF2 /* SidebarView.swift in Sources */ = {isa = PBXBuildFile; fileRef = F64ED9F52C6D2CE900F7DFF2 /* SidebarView.swift */; };
		F64ED9F92C6D2D4D00F7DFF2 /* ScrollVisibilityModifier.swift in Sources */ = {isa = PBXBuildFile; fileRef = F64ED9F82C6D2D4D00F7DFF2 /* ScrollVisibilityModifier.swift */; };
		F64ED9FD2C6DE53000F7DFF2 /* HomeSplitViewController.swift in Sources */ = {isa = PBXBuildFile; fileRef = F64ED9FC2C6DE53000F7DFF2 /* HomeSplitViewController.swift */; };
		F64ED9FF2C6DE77B00F7DFF2 /* MenuViewController.swift in Sources */ = {isa = PBXBuildFile; fileRef = F64ED9FE2C6DE77B00F7DFF2 /* MenuViewController.swift */; };
		F64EDA032C6DE79900F7DFF2 /* ContentViewController.swift in Sources */ = {isa = PBXBuildFile; fileRef = F64EDA022C6DE79900F7DFF2 /* ContentViewController.swift */; };
		F64EDA052C73471700F7DFF2 /* ShowsViewController.swift in Sources */ = {isa = PBXBuildFile; fileRef = F64EDA042C73471700F7DFF2 /* ShowsViewController.swift */; };
		F64EDA082C7347A500F7DFF2 /* ShowsViewRepresentable.swift in Sources */ = {isa = PBXBuildFile; fileRef = F64EDA072C7347A500F7DFF2 /* ShowsViewRepresentable.swift */; };
		F6A14A712C6C3FA20048BF2F /* HomeContentView.swift in Sources */ = {isa = PBXBuildFile; fileRef = F61709EB2C6C3D8C00386A77 /* HomeContentView.swift */; };
		F6A14A722C6C3FA80048BF2F /* HeroHeaderView.swift in Sources */ = {isa = PBXBuildFile; fileRef = F6A14A702C6C3E9A0048BF2F /* HeroHeaderView.swift */; };
		F6A14A742C6C3FFA0048BF2F /* FoldSnappingScrollTargetBehavior.swift in Sources */ = {isa = PBXBuildFile; fileRef = F6A14A732C6C3FFA0048BF2F /* FoldSnappingScrollTargetBehavior.swift */; };
		F6A14A762C6C41F80048BF2F /* HomeView.swift in Sources */ = {isa = PBXBuildFile; fileRef = F6A14A752C6C41F80048BF2F /* HomeView.swift */; };
		F6A14A782C6C4E080048BF2F /* Tabs.swift in Sources */ = {isa = PBXBuildFile; fileRef = F6A14A772C6C4E080048BF2F /* Tabs.swift */; };
		F6A14A7A2C6C54820048BF2F /* LatestMinis.swift in Sources */ = {isa = PBXBuildFile; fileRef = F6A14A792C6C54820048BF2F /* LatestMinis.swift */; };
		F6A14A7F2C6C55350048BF2F /* MinisAsset.swift in Sources */ = {isa = PBXBuildFile; fileRef = F6A14A7E2C6C55350048BF2F /* MinisAsset.swift */; };
		F6A14A822C6C6F1A0048BF2F /* ShowAsset.swift in Sources */ = {isa = PBXBuildFile; fileRef = F6A14A812C6C6F1A0048BF2F /* ShowAsset.swift */; };
		F6A14A842C6C79E30048BF2F /* ShowChannels.swift in Sources */ = {isa = PBXBuildFile; fileRef = F6A14A832C6C79E30048BF2F /* ShowChannels.swift */; };
		F6A14A882C6C83340048BF2F /* LiveAsset.swift in Sources */ = {isa = PBXBuildFile; fileRef = F6A14A862C6C83340048BF2F /* LiveAsset.swift */; };
		F6A14A892C6C83340048BF2F /* LiveChannels.swift in Sources */ = {isa = PBXBuildFile; fileRef = F6A14A852C6C83340048BF2F /* LiveChannels.swift */; };
		F6A14A8B2C6CA1850048BF2F /* View+Extension.swift in Sources */ = {isa = PBXBuildFile; fileRef = F6A14A8A2C6CA1700048BF2F /* View+Extension.swift */; };
		F6A14A942C6CA92B0048BF2F /* TileContainer.swift in Sources */ = {isa = PBXBuildFile; fileRef = F6A14A932C6CA92B0048BF2F /* TileContainer.swift */; };
		F6A14A972C6CDF1F0048BF2F /* HomeCustomViewController.swift in Sources */ = {isa = PBXBuildFile; fileRef = F6A14A962C6CDF1D0048BF2F /* HomeCustomViewController.swift */; };
		F6A14A992C6CDF930048BF2F /* SideMenuControllerRepresentable.swift in Sources */ = {isa = PBXBuildFile; fileRef = F6A14A982C6CDF930048BF2F /* SideMenuControllerRepresentable.swift */; };
		F6A14A9B2C6CF0850048BF2F /* SidebarUIView.swift in Sources */ = {isa = PBXBuildFile; fileRef = F6A14A9A2C6CF0850048BF2F /* SidebarUIView.swift */; };
/* End PBXBuildFile section */

/* Begin PBXFileReference section */
		D66A20182C62FBB100853C44 /* VideoStackPOC.app */ = {isa = PBXFileReference; explicitFileType = wrapper.application; includeInIndex = 0; path = VideoStackPOC.app; sourceTree = BUILT_PRODUCTS_DIR; };
		D66A201B2C62FBB100853C44 /* VideoStackPOCApp.swift */ = {isa = PBXFileReference; lastKnownFileType = sourcecode.swift; path = VideoStackPOCApp.swift; sourceTree = "<group>"; };
		D66A201D2C62FBB100853C44 /* ContentView.swift */ = {isa = PBXFileReference; lastKnownFileType = sourcecode.swift; path = ContentView.swift; sourceTree = "<group>"; };
		D66A201F2C62FBB200853C44 /* Assets.xcassets */ = {isa = PBXFileReference; lastKnownFileType = folder.assetcatalog; path = Assets.xcassets; sourceTree = "<group>"; };
		D66A20222C62FBB200853C44 /* Preview Assets.xcassets */ = {isa = PBXFileReference; lastKnownFileType = folder.assetcatalog; path = "Preview Assets.xcassets"; sourceTree = "<group>"; };
		D66A20292C6309A100853C44 /* VerticalFeedView.swift */ = {isa = PBXFileReference; lastKnownFileType = sourcecode.swift; path = VerticalFeedView.swift; sourceTree = "<group>"; };
		D66A202B2C63120900853C44 /* VideoView.swift */ = {isa = PBXFileReference; lastKnownFileType = sourcecode.swift; path = VideoView.swift; sourceTree = "<group>"; };
		D66A202D2C6326FF00853C44 /* VideoPlayerManager.swift */ = {isa = PBXFileReference; lastKnownFileType = sourcecode.swift; path = VideoPlayerManager.swift; sourceTree = "<group>"; };
		D66A202F2C634AE600853C44 /* response.json */ = {isa = PBXFileReference; lastKnownFileType = text.json; path = response.json; sourceTree = "<group>"; };
		D66A20312C634E5A00853C44 /* feed.json */ = {isa = PBXFileReference; lastKnownFileType = text.json; path = feed.json; sourceTree = "<group>"; };
		D66A20332C6355E900853C44 /* CustomVideoPlayerView.swift */ = {isa = PBXFileReference; lastKnownFileType = sourcecode.swift; path = CustomVideoPlayerView.swift; sourceTree = "<group>"; };
		F61709EB2C6C3D8C00386A77 /* HomeContentView.swift */ = {isa = PBXFileReference; lastKnownFileType = sourcecode.swift; path = HomeContentView.swift; sourceTree = "<group>"; };
		F63884E92C771B01007041FA /* InsetItemsGridViewController.swift */ = {isa = PBXFileReference; lastKnownFileType = sourcecode.swift; path = InsetItemsGridViewController.swift; sourceTree = "<group>"; };
		F63884EC2C771B3E007041FA /* ViewControllerRepresentable.swift */ = {isa = PBXFileReference; lastKnownFileType = sourcecode.swift; path = ViewControllerRepresentable.swift; sourceTree = "<group>"; };
		F63884EE2C771B55007041FA /* TextCell.swift */ = {isa = PBXFileReference; lastKnownFileType = sourcecode.swift; path = TextCell.swift; sourceTree = "<group>"; };
		F63884F02C771B75007041FA /* Extensions.swift */ = {isa = PBXFileReference; lastKnownFileType = sourcecode.swift; path = Extensions.swift; sourceTree = "<group>"; };
		F63884F22C771C64007041FA /* SportsView.swift */ = {isa = PBXFileReference; lastKnownFileType = sourcecode.swift; path = SportsView.swift; sourceTree = "<group>"; };
		F64ED9F32C6D2CC100F7DFF2 /* AdaptiveSidebarModifier.swift */ = {isa = PBXFileReference; lastKnownFileType = sourcecode.swift; path = AdaptiveSidebarModifier.swift; sourceTree = "<group>"; };
		F64ED9F52C6D2CE900F7DFF2 /* SidebarView.swift */ = {isa = PBXFileReference; lastKnownFileType = sourcecode.swift; path = SidebarView.swift; sourceTree = "<group>"; };
		F64ED9F82C6D2D4D00F7DFF2 /* ScrollVisibilityModifier.swift */ = {isa = PBXFileReference; lastKnownFileType = sourcecode.swift; path = ScrollVisibilityModifier.swift; sourceTree = "<group>"; };
		F64ED9FC2C6DE53000F7DFF2 /* HomeSplitViewController.swift */ = {isa = PBXFileReference; lastKnownFileType = sourcecode.swift; path = HomeSplitViewController.swift; sourceTree = "<group>"; };
		F64ED9FE2C6DE77B00F7DFF2 /* MenuViewController.swift */ = {isa = PBXFileReference; lastKnownFileType = sourcecode.swift; path = MenuViewController.swift; sourceTree = "<group>"; };
		F64EDA022C6DE79900F7DFF2 /* ContentViewController.swift */ = {isa = PBXFileReference; lastKnownFileType = sourcecode.swift; path = ContentViewController.swift; sourceTree = "<group>"; };
		F64EDA042C73471700F7DFF2 /* ShowsViewController.swift */ = {isa = PBXFileReference; lastKnownFileType = sourcecode.swift; path = ShowsViewController.swift; sourceTree = "<group>"; };
		F64EDA072C7347A500F7DFF2 /* ShowsViewRepresentable.swift */ = {isa = PBXFileReference; lastKnownFileType = sourcecode.swift; path = ShowsViewRepresentable.swift; sourceTree = "<group>"; };
		F6A14A702C6C3E9A0048BF2F /* HeroHeaderView.swift */ = {isa = PBXFileReference; lastKnownFileType = sourcecode.swift; path = HeroHeaderView.swift; sourceTree = "<group>"; };
		F6A14A732C6C3FFA0048BF2F /* FoldSnappingScrollTargetBehavior.swift */ = {isa = PBXFileReference; lastKnownFileType = sourcecode.swift; path = FoldSnappingScrollTargetBehavior.swift; sourceTree = "<group>"; };
		F6A14A752C6C41F80048BF2F /* HomeView.swift */ = {isa = PBXFileReference; lastKnownFileType = sourcecode.swift; path = HomeView.swift; sourceTree = "<group>"; };
		F6A14A772C6C4E080048BF2F /* Tabs.swift */ = {isa = PBXFileReference; lastKnownFileType = sourcecode.swift; path = Tabs.swift; sourceTree = "<group>"; };
		F6A14A792C6C54820048BF2F /* LatestMinis.swift */ = {isa = PBXFileReference; lastKnownFileType = sourcecode.swift; path = LatestMinis.swift; sourceTree = "<group>"; };
		F6A14A7E2C6C55350048BF2F /* MinisAsset.swift */ = {isa = PBXFileReference; lastKnownFileType = sourcecode.swift; path = MinisAsset.swift; sourceTree = "<group>"; };
		F6A14A812C6C6F1A0048BF2F /* ShowAsset.swift */ = {isa = PBXFileReference; lastKnownFileType = sourcecode.swift; path = ShowAsset.swift; sourceTree = "<group>"; };
		F6A14A832C6C79E30048BF2F /* ShowChannels.swift */ = {isa = PBXFileReference; lastKnownFileType = sourcecode.swift; path = ShowChannels.swift; sourceTree = "<group>"; };
		F6A14A852C6C83340048BF2F /* LiveChannels.swift */ = {isa = PBXFileReference; lastKnownFileType = sourcecode.swift; path = LiveChannels.swift; sourceTree = "<group>"; };
		F6A14A862C6C83340048BF2F /* LiveAsset.swift */ = {isa = PBXFileReference; lastKnownFileType = sourcecode.swift; path = LiveAsset.swift; sourceTree = "<group>"; };
		F6A14A8A2C6CA1700048BF2F /* View+Extension.swift */ = {isa = PBXFileReference; lastKnownFileType = sourcecode.swift; path = "View+Extension.swift"; sourceTree = "<group>"; };
		F6A14A932C6CA92B0048BF2F /* TileContainer.swift */ = {isa = PBXFileReference; lastKnownFileType = sourcecode.swift; path = TileContainer.swift; sourceTree = "<group>"; };
		F6A14A962C6CDF1D0048BF2F /* HomeCustomViewController.swift */ = {isa = PBXFileReference; lastKnownFileType = sourcecode.swift; path = HomeCustomViewController.swift; sourceTree = "<group>"; };
		F6A14A982C6CDF930048BF2F /* SideMenuControllerRepresentable.swift */ = {isa = PBXFileReference; lastKnownFileType = sourcecode.swift; path = SideMenuControllerRepresentable.swift; sourceTree = "<group>"; };
		F6A14A9A2C6CF0850048BF2F /* SidebarUIView.swift */ = {isa = PBXFileReference; lastKnownFileType = sourcecode.swift; path = SidebarUIView.swift; sourceTree = "<group>"; };
/* End PBXFileReference section */

/* Begin PBXFrameworksBuildPhase section */
		D66A20152C62FBB100853C44 /* Frameworks */ = {
			isa = PBXFrameworksBuildPhase;
			buildActionMask = 2147483647;
			files = (
			);
			runOnlyForDeploymentPostprocessing = 0;
		};
/* End PBXFrameworksBuildPhase section */

/* Begin PBXGroup section */
		D66A200F2C62FBB100853C44 = {
			isa = PBXGroup;
			children = (
				D66A201A2C62FBB100853C44 /* VideoStackPOC */,
				D66A20192C62FBB100853C44 /* Products */,
			);
			sourceTree = "<group>";
		};
		D66A20192C62FBB100853C44 /* Products */ = {
			isa = PBXGroup;
			children = (
				D66A20182C62FBB100853C44 /* VideoStackPOC.app */,
			);
			name = Products;
			sourceTree = "<group>";
		};
		D66A201A2C62FBB100853C44 /* VideoStackPOC */ = {
			isa = PBXGroup;
			children = (
				F6A14A922C6CA1D30048BF2F /* Common */,
				F61709EA2C6C3D8800386A77 /* Home */,
				D66A201B2C62FBB100853C44 /* VideoStackPOCApp.swift */,
				F6A14A952C6CDEED0048BF2F /* SideMenu */,
				D66A202F2C634AE600853C44 /* response.json */,
				D66A20312C634E5A00853C44 /* feed.json */,
				D66A201D2C62FBB100853C44 /* ContentView.swift */,
				D66A20292C6309A100853C44 /* VerticalFeedView.swift */,
				D66A202B2C63120900853C44 /* VideoView.swift */,
				D66A20332C6355E900853C44 /* CustomVideoPlayerView.swift */,
				D66A202D2C6326FF00853C44 /* VideoPlayerManager.swift */,
				D66A201F2C62FBB200853C44 /* Assets.xcassets */,
				D66A20212C62FBB200853C44 /* Preview Content */,
			);
			path = VideoStackPOC;
			sourceTree = "<group>";
		};
		D66A20212C62FBB200853C44 /* Preview Content */ = {
			isa = PBXGroup;
			children = (
				D66A20222C62FBB200853C44 /* Preview Assets.xcassets */,
			);
			path = "Preview Content";
			sourceTree = "<group>";
		};
		F61709EA2C6C3D8800386A77 /* Home */ = {
			isa = PBXGroup;
			children = (
				F6A14A932C6CA92B0048BF2F /* TileContainer.swift */,
				F6A14A802C6C6EF70048BF2F /* Shows */,
				F63884EB2C771B08007041FA /* Sports */,
				F6A14A872C6C83340048BF2F /* Live */,
				F6A14A7D2C6C54E20048BF2F /* Latest Minis */,
				F6A14A772C6C4E080048BF2F /* Tabs.swift */,
				F6A14A702C6C3E9A0048BF2F /* HeroHeaderView.swift */,
				F61709EB2C6C3D8C00386A77 /* HomeContentView.swift */,
				F64ED9F82C6D2D4D00F7DFF2 /* ScrollVisibilityModifier.swift */,
				F6A14A752C6C41F80048BF2F /* HomeView.swift */,
				F6A14A732C6C3FFA0048BF2F /* FoldSnappingScrollTargetBehavior.swift */,
			);
			path = Home;
			sourceTree = "<group>";
		};
		F63884EB2C771B08007041FA /* Sports */ = {
			isa = PBXGroup;
			children = (
				F63884F22C771C64007041FA /* SportsView.swift */,
				F63884EE2C771B55007041FA /* TextCell.swift */,
				F63884F02C771B75007041FA /* Extensions.swift */,
				F63884EC2C771B3E007041FA /* ViewControllerRepresentable.swift */,
				F63884E92C771B01007041FA /* InsetItemsGridViewController.swift */,
			);
			path = Sports;
			sourceTree = "<group>";
		};
		F64ED9F22C6D2CA400F7DFF2 /* UIKit */ = {
			isa = PBXGroup;
			children = (
				F64EDA062C73471A00F7DFF2 /* Shows */,
				F64ED9FB2C6DE51000F7DFF2 /* SplitSideMenu */,
				F6A14A982C6CDF930048BF2F /* SideMenuControllerRepresentable.swift */,
				F64ED9FA2C6DE4F300F7DFF2 /* CustomSideMenu */,
			);
			path = UIKit;
			sourceTree = "<group>";
		};
		F64ED9F72C6D2CF200F7DFF2 /* SwiftUI */ = {
			isa = PBXGroup;
			children = (
				F64ED9F52C6D2CE900F7DFF2 /* SidebarView.swift */,
				F64ED9F32C6D2CC100F7DFF2 /* AdaptiveSidebarModifier.swift */,
			);
			path = SwiftUI;
			sourceTree = "<group>";
		};
		F64ED9FA2C6DE4F300F7DFF2 /* CustomSideMenu */ = {
			isa = PBXGroup;
			children = (
				F6A14A9A2C6CF0850048BF2F /* SidebarUIView.swift */,
				F6A14A962C6CDF1D0048BF2F /* HomeCustomViewController.swift */,
			);
			path = CustomSideMenu;
			sourceTree = "<group>";
		};
		F64ED9FB2C6DE51000F7DFF2 /* SplitSideMenu */ = {
			isa = PBXGroup;
			children = (
				F64EDA022C6DE79900F7DFF2 /* ContentViewController.swift */,
				F64ED9FE2C6DE77B00F7DFF2 /* MenuViewController.swift */,
				F64ED9FC2C6DE53000F7DFF2 /* HomeSplitViewController.swift */,
			);
			path = SplitSideMenu;
			sourceTree = "<group>";
		};
		F64EDA062C73471A00F7DFF2 /* Shows */ = {
			isa = PBXGroup;
			children = (
				F64EDA072C7347A500F7DFF2 /* ShowsViewRepresentable.swift */,
				F64EDA042C73471700F7DFF2 /* ShowsViewController.swift */,
			);
			path = Shows;
			sourceTree = "<group>";
		};
		F6A14A7D2C6C54E20048BF2F /* Latest Minis */ = {
			isa = PBXGroup;
			children = (
				F6A14A7E2C6C55350048BF2F /* MinisAsset.swift */,
				F6A14A792C6C54820048BF2F /* LatestMinis.swift */,
			);
			path = "Latest Minis";
			sourceTree = "<group>";
		};
		F6A14A802C6C6EF70048BF2F /* Shows */ = {
			isa = PBXGroup;
			children = (
				F6A14A812C6C6F1A0048BF2F /* ShowAsset.swift */,
				F6A14A832C6C79E30048BF2F /* ShowChannels.swift */,
			);
			path = Shows;
			sourceTree = "<group>";
		};
		F6A14A872C6C83340048BF2F /* Live */ = {
			isa = PBXGroup;
			children = (
				F6A14A862C6C83340048BF2F /* LiveAsset.swift */,
				F6A14A852C6C83340048BF2F /* LiveChannels.swift */,
			);
			path = Live;
			sourceTree = "<group>";
		};
		F6A14A922C6CA1D30048BF2F /* Common */ = {
			isa = PBXGroup;
			children = (
				F6A14A8A2C6CA1700048BF2F /* View+Extension.swift */,
			);
			path = Common;
			sourceTree = "<group>";
		};
		F6A14A952C6CDEED0048BF2F /* SideMenu */ = {
			isa = PBXGroup;
			children = (
				F64ED9F72C6D2CF200F7DFF2 /* SwiftUI */,
				F64ED9F22C6D2CA400F7DFF2 /* UIKit */,
			);
			path = SideMenu;
			sourceTree = "<group>";
		};
/* End PBXGroup section */

/* Begin PBXNativeTarget section */
		D66A20172C62FBB100853C44 /* VideoStackPOC */ = {
			isa = PBXNativeTarget;
			buildConfigurationList = D66A20262C62FBB200853C44 /* Build configuration list for PBXNativeTarget "VideoStackPOC" */;
			buildPhases = (
				D66A20142C62FBB100853C44 /* Sources */,
				D66A20152C62FBB100853C44 /* Frameworks */,
				D66A20162C62FBB100853C44 /* Resources */,
			);
			buildRules = (
			);
			dependencies = (
			);
			name = VideoStackPOC;
			productName = VideoStackPOC;
			productReference = D66A20182C62FBB100853C44 /* VideoStackPOC.app */;
			productType = "com.apple.product-type.application";
		};
/* End PBXNativeTarget section */

/* Begin PBXProject section */
		D66A20102C62FBB100853C44 /* Project object */ = {
			isa = PBXProject;
			attributes = {
				BuildIndependentTargetsInParallel = 1;
				LastSwiftUpdateCheck = 1530;
				LastUpgradeCheck = 1530;
				TargetAttributes = {
					D66A20172C62FBB100853C44 = {
						CreatedOnToolsVersion = 15.3;
					};
				};
			};
			buildConfigurationList = D66A20132C62FBB100853C44 /* Build configuration list for PBXProject "VideoStackPOC" */;
			compatibilityVersion = "Xcode 14.0";
			developmentRegion = en;
			hasScannedForEncodings = 0;
			knownRegions = (
				en,
				Base,
			);
			mainGroup = D66A200F2C62FBB100853C44;
			productRefGroup = D66A20192C62FBB100853C44 /* Products */;
			projectDirPath = "";
			projectRoot = "";
			targets = (
				D66A20172C62FBB100853C44 /* VideoStackPOC */,
			);
		};
/* End PBXProject section */

/* Begin PBXResourcesBuildPhase section */
		D66A20162C62FBB100853C44 /* Resources */ = {
			isa = PBXResourcesBuildPhase;
			buildActionMask = 2147483647;
			files = (
				D66A20232C62FBB200853C44 /* Preview Assets.xcassets in Resources */,
				D66A20322C634E5A00853C44 /* feed.json in Resources */,
				D66A20302C634AE600853C44 /* response.json in Resources */,
				D66A20202C62FBB200853C44 /* Assets.xcassets in Resources */,
			);
			runOnlyForDeploymentPostprocessing = 0;
		};
/* End PBXResourcesBuildPhase section */

/* Begin PBXSourcesBuildPhase section */
		D66A20142C62FBB100853C44 /* Sources */ = {
			isa = PBXSourcesBuildPhase;
			buildActionMask = 2147483647;
			files = (
				F6A14A842C6C79E30048BF2F /* ShowChannels.swift in Sources */,
				F6A14A822C6C6F1A0048BF2F /* ShowAsset.swift in Sources */,
				F6A14A972C6CDF1F0048BF2F /* HomeCustomViewController.swift in Sources */,
				D66A202C2C63120900853C44 /* VideoView.swift in Sources */,
				F64ED9F92C6D2D4D00F7DFF2 /* ScrollVisibilityModifier.swift in Sources */,
				F6A14A7F2C6C55350048BF2F /* MinisAsset.swift in Sources */,
				F6A14A882C6C83340048BF2F /* LiveAsset.swift in Sources */,
				F6A14A892C6C83340048BF2F /* LiveChannels.swift in Sources */,
				F6A14A7A2C6C54820048BF2F /* LatestMinis.swift in Sources */,
				F6A14A9B2C6CF0850048BF2F /* SidebarUIView.swift in Sources */,
				F63884EF2C771B55007041FA /* TextCell.swift in Sources */,
				F6A14A722C6C3FA80048BF2F /* HeroHeaderView.swift in Sources */,
				F64EDA052C73471700F7DFF2 /* ShowsViewController.swift in Sources */,
				D66A201E2C62FBB100853C44 /* ContentView.swift in Sources */,
				F64ED9FD2C6DE53000F7DFF2 /* HomeSplitViewController.swift in Sources */,
				F6A14A762C6C41F80048BF2F /* HomeView.swift in Sources */,
				F6A14A782C6C4E080048BF2F /* Tabs.swift in Sources */,
				F64EDA082C7347A500F7DFF2 /* ShowsViewRepresentable.swift in Sources */,
				D66A202E2C6326FF00853C44 /* VideoPlayerManager.swift in Sources */,
				D66A201C2C62FBB100853C44 /* VideoStackPOCApp.swift in Sources */,
				F6A14A742C6C3FFA0048BF2F /* FoldSnappingScrollTargetBehavior.swift in Sources */,
				D66A20342C6355E900853C44 /* CustomVideoPlayerView.swift in Sources */,
				F63884ED2C771B3E007041FA /* ViewControllerRepresentable.swift in Sources */,
				F63884F32C771C6D007041FA /* SportsView.swift in Sources */,
				F64ED9F62C6D2CE900F7DFF2 /* SidebarView.swift in Sources */,
				F63884EA2C771B01007041FA /* InsetItemsGridViewController.swift in Sources */,
				F64EDA032C6DE79900F7DFF2 /* ContentViewController.swift in Sources */,
				F6A14A992C6CDF930048BF2F /* SideMenuControllerRepresentable.swift in Sources */,
				F64ED9F42C6D2CC100F7DFF2 /* AdaptiveSidebarModifier.swift in Sources */,
				F64ED9FF2C6DE77B00F7DFF2 /* MenuViewController.swift in Sources */,
				F6A14A942C6CA92B0048BF2F /* TileContainer.swift in Sources */,
				F6A14A712C6C3FA20048BF2F /* HomeContentView.swift in Sources */,
				F63884F12C771B75007041FA /* Extensions.swift in Sources */,
				F6A14A8B2C6CA1850048BF2F /* View+Extension.swift in Sources */,
				D66A202A2C6309A100853C44 /* VerticalFeedView.swift in Sources */,
			);
			runOnlyForDeploymentPostprocessing = 0;
		};
/* End PBXSourcesBuildPhase section */

/* Begin XCBuildConfiguration section */
		D66A20242C62FBB200853C44 /* Debug */ = {
			isa = XCBuildConfiguration;
			buildSettings = {
				ALWAYS_SEARCH_USER_PATHS = NO;
				ASSETCATALOG_COMPILER_GENERATE_SWIFT_ASSET_SYMBOL_EXTENSIONS = YES;
				CLANG_ANALYZER_NONNULL = YES;
				CLANG_ANALYZER_NUMBER_OBJECT_CONVERSION = YES_AGGRESSIVE;
				CLANG_CXX_LANGUAGE_STANDARD = "gnu++20";
				CLANG_ENABLE_MODULES = YES;
				CLANG_ENABLE_OBJC_ARC = YES;
				CLANG_ENABLE_OBJC_WEAK = YES;
				CLANG_WARN_BLOCK_CAPTURE_AUTORELEASING = YES;
				CLANG_WARN_BOOL_CONVERSION = YES;
				CLANG_WARN_COMMA = YES;
				CLANG_WARN_CONSTANT_CONVERSION = YES;
				CLANG_WARN_DEPRECATED_OBJC_IMPLEMENTATIONS = YES;
				CLANG_WARN_DIRECT_OBJC_ISA_USAGE = YES_ERROR;
				CLANG_WARN_DOCUMENTATION_COMMENTS = YES;
				CLANG_WARN_EMPTY_BODY = YES;
				CLANG_WARN_ENUM_CONVERSION = YES;
				CLANG_WARN_INFINITE_RECURSION = YES;
				CLANG_WARN_INT_CONVERSION = YES;
				CLANG_WARN_NON_LITERAL_NULL_CONVERSION = YES;
				CLANG_WARN_OBJC_IMPLICIT_RETAIN_SELF = YES;
				CLANG_WARN_OBJC_LITERAL_CONVERSION = YES;
				CLANG_WARN_OBJC_ROOT_CLASS = YES_ERROR;
				CLANG_WARN_QUOTED_INCLUDE_IN_FRAMEWORK_HEADER = YES;
				CLANG_WARN_RANGE_LOOP_ANALYSIS = YES;
				CLANG_WARN_STRICT_PROTOTYPES = YES;
				CLANG_WARN_SUSPICIOUS_MOVE = YES;
				CLANG_WARN_UNGUARDED_AVAILABILITY = YES_AGGRESSIVE;
				CLANG_WARN_UNREACHABLE_CODE = YES;
				CLANG_WARN__DUPLICATE_METHOD_MATCH = YES;
				COPY_PHASE_STRIP = NO;
				DEBUG_INFORMATION_FORMAT = dwarf;
				ENABLE_STRICT_OBJC_MSGSEND = YES;
				ENABLE_TESTABILITY = YES;
				ENABLE_USER_SCRIPT_SANDBOXING = YES;
				GCC_C_LANGUAGE_STANDARD = gnu17;
				GCC_DYNAMIC_NO_PIC = NO;
				GCC_NO_COMMON_BLOCKS = YES;
				GCC_OPTIMIZATION_LEVEL = 0;
				GCC_PREPROCESSOR_DEFINITIONS = (
					"DEBUG=1",
					"$(inherited)",
				);
				GCC_WARN_64_TO_32_BIT_CONVERSION = YES;
				GCC_WARN_ABOUT_RETURN_TYPE = YES_ERROR;
				GCC_WARN_UNDECLARED_SELECTOR = YES;
				GCC_WARN_UNINITIALIZED_AUTOS = YES_AGGRESSIVE;
				GCC_WARN_UNUSED_FUNCTION = YES;
				GCC_WARN_UNUSED_VARIABLE = YES;
				IPHONEOS_DEPLOYMENT_TARGET = 17.4;
				LOCALIZATION_PREFERS_STRING_CATALOGS = YES;
				MTL_ENABLE_DEBUG_INFO = INCLUDE_SOURCE;
				MTL_FAST_MATH = YES;
				ONLY_ACTIVE_ARCH = YES;
				SDKROOT = iphoneos;
				SWIFT_ACTIVE_COMPILATION_CONDITIONS = "DEBUG $(inherited)";
				SWIFT_OPTIMIZATION_LEVEL = "-Onone";
			};
			name = Debug;
		};
		D66A20252C62FBB200853C44 /* Release */ = {
			isa = XCBuildConfiguration;
			buildSettings = {
				ALWAYS_SEARCH_USER_PATHS = NO;
				ASSETCATALOG_COMPILER_GENERATE_SWIFT_ASSET_SYMBOL_EXTENSIONS = YES;
				CLANG_ANALYZER_NONNULL = YES;
				CLANG_ANALYZER_NUMBER_OBJECT_CONVERSION = YES_AGGRESSIVE;
				CLANG_CXX_LANGUAGE_STANDARD = "gnu++20";
				CLANG_ENABLE_MODULES = YES;
				CLANG_ENABLE_OBJC_ARC = YES;
				CLANG_ENABLE_OBJC_WEAK = YES;
				CLANG_WARN_BLOCK_CAPTURE_AUTORELEASING = YES;
				CLANG_WARN_BOOL_CONVERSION = YES;
				CLANG_WARN_COMMA = YES;
				CLANG_WARN_CONSTANT_CONVERSION = YES;
				CLANG_WARN_DEPRECATED_OBJC_IMPLEMENTATIONS = YES;
				CLANG_WARN_DIRECT_OBJC_ISA_USAGE = YES_ERROR;
				CLANG_WARN_DOCUMENTATION_COMMENTS = YES;
				CLANG_WARN_EMPTY_BODY = YES;
				CLANG_WARN_ENUM_CONVERSION = YES;
				CLANG_WARN_INFINITE_RECURSION = YES;
				CLANG_WARN_INT_CONVERSION = YES;
				CLANG_WARN_NON_LITERAL_NULL_CONVERSION = YES;
				CLANG_WARN_OBJC_IMPLICIT_RETAIN_SELF = YES;
				CLANG_WARN_OBJC_LITERAL_CONVERSION = YES;
				CLANG_WARN_OBJC_ROOT_CLASS = YES_ERROR;
				CLANG_WARN_QUOTED_INCLUDE_IN_FRAMEWORK_HEADER = YES;
				CLANG_WARN_RANGE_LOOP_ANALYSIS = YES;
				CLANG_WARN_STRICT_PROTOTYPES = YES;
				CLANG_WARN_SUSPICIOUS_MOVE = YES;
				CLANG_WARN_UNGUARDED_AVAILABILITY = YES_AGGRESSIVE;
				CLANG_WARN_UNREACHABLE_CODE = YES;
				CLANG_WARN__DUPLICATE_METHOD_MATCH = YES;
				COPY_PHASE_STRIP = NO;
				DEBUG_INFORMATION_FORMAT = "dwarf-with-dsym";
				ENABLE_NS_ASSERTIONS = NO;
				ENABLE_STRICT_OBJC_MSGSEND = YES;
				ENABLE_USER_SCRIPT_SANDBOXING = YES;
				GCC_C_LANGUAGE_STANDARD = gnu17;
				GCC_NO_COMMON_BLOCKS = YES;
				GCC_WARN_64_TO_32_BIT_CONVERSION = YES;
				GCC_WARN_ABOUT_RETURN_TYPE = YES_ERROR;
				GCC_WARN_UNDECLARED_SELECTOR = YES;
				GCC_WARN_UNINITIALIZED_AUTOS = YES_AGGRESSIVE;
				GCC_WARN_UNUSED_FUNCTION = YES;
				GCC_WARN_UNUSED_VARIABLE = YES;
				IPHONEOS_DEPLOYMENT_TARGET = 17.4;
				LOCALIZATION_PREFERS_STRING_CATALOGS = YES;
				MTL_ENABLE_DEBUG_INFO = NO;
				MTL_FAST_MATH = YES;
				SDKROOT = iphoneos;
				SWIFT_COMPILATION_MODE = wholemodule;
				VALIDATE_PRODUCT = YES;
			};
			name = Release;
		};
		D66A20272C62FBB200853C44 /* Debug */ = {
			isa = XCBuildConfiguration;
			buildSettings = {
				ASSETCATALOG_COMPILER_APPICON_NAME = AppIcon;
				ASSETCATALOG_COMPILER_GLOBAL_ACCENT_COLOR_NAME = AccentColor;
				CODE_SIGN_STYLE = Automatic;
				CURRENT_PROJECT_VERSION = 1;
				DEVELOPMENT_ASSET_PATHS = "\"VideoStackPOC/Preview Content\"";
				DEVELOPMENT_TEAM = FSK6AJHJVW;
				ENABLE_PREVIEWS = YES;
				GENERATE_INFOPLIST_FILE = YES;
				INFOPLIST_KEY_UIApplicationSceneManifest_Generation = YES;
				INFOPLIST_KEY_UIApplicationSupportsIndirectInputEvents = YES;
				INFOPLIST_KEY_UILaunchScreen_Generation = YES;
				INFOPLIST_KEY_UISupportedInterfaceOrientations_iPad = "UIInterfaceOrientationPortrait UIInterfaceOrientationPortraitUpsideDown UIInterfaceOrientationLandscapeLeft UIInterfaceOrientationLandscapeRight";
				INFOPLIST_KEY_UISupportedInterfaceOrientations_iPhone = "UIInterfaceOrientationPortrait UIInterfaceOrientationLandscapeLeft UIInterfaceOrientationLandscapeRight";
				IPHONEOS_DEPLOYMENT_TARGET = 17.4;
				LD_RUNPATH_SEARCH_PATHS = (
					"$(inherited)",
					"@executable_path/Frameworks",
				);
				MARKETING_VERSION = 1.0;
				PRODUCT_BUNDLE_IDENTIFIER = com.localapp.VideoStackPOC;
				PRODUCT_NAME = "$(TARGET_NAME)";
				SUPPORTED_PLATFORMS = "appletvos appletvsimulator iphoneos iphonesimulator";
				SUPPORTS_MACCATALYST = NO;
				SWIFT_EMIT_LOC_STRINGS = YES;
				SWIFT_VERSION = 5.0;
				TARGETED_DEVICE_FAMILY = "1,2,3";
				TVOS_DEPLOYMENT_TARGET = 17.4;
			};
			name = Debug;
		};
		D66A20282C62FBB200853C44 /* Release */ = {
			isa = XCBuildConfiguration;
			buildSettings = {
				ASSETCATALOG_COMPILER_APPICON_NAME = AppIcon;
				ASSETCATALOG_COMPILER_GLOBAL_ACCENT_COLOR_NAME = AccentColor;
				CODE_SIGN_STYLE = Automatic;
				CURRENT_PROJECT_VERSION = 1;
				DEVELOPMENT_ASSET_PATHS = "\"VideoStackPOC/Preview Content\"";
				DEVELOPMENT_TEAM = FSK6AJHJVW;
				ENABLE_PREVIEWS = YES;
				GENERATE_INFOPLIST_FILE = YES;
				INFOPLIST_KEY_UIApplicationSceneManifest_Generation = YES;
				INFOPLIST_KEY_UIApplicationSupportsIndirectInputEvents = YES;
				INFOPLIST_KEY_UILaunchScreen_Generation = YES;
				INFOPLIST_KEY_UISupportedInterfaceOrientations_iPad = "UIInterfaceOrientationPortrait UIInterfaceOrientationPortraitUpsideDown UIInterfaceOrientationLandscapeLeft UIInterfaceOrientationLandscapeRight";
				INFOPLIST_KEY_UISupportedInterfaceOrientations_iPhone = "UIInterfaceOrientationPortrait UIInterfaceOrientationLandscapeLeft UIInterfaceOrientationLandscapeRight";
				IPHONEOS_DEPLOYMENT_TARGET = 17.4;
				LD_RUNPATH_SEARCH_PATHS = (
					"$(inherited)",
					"@executable_path/Frameworks",
				);
				MARKETING_VERSION = 1.0;
				PRODUCT_BUNDLE_IDENTIFIER = com.localapp.VideoStackPOC;
				PRODUCT_NAME = "$(TARGET_NAME)";
				SUPPORTED_PLATFORMS = "appletvos appletvsimulator iphoneos iphonesimulator";
				SUPPORTS_MACCATALYST = NO;
				SWIFT_EMIT_LOC_STRINGS = YES;
				SWIFT_VERSION = 5.0;
				TARGETED_DEVICE_FAMILY = "1,2,3";
				TVOS_DEPLOYMENT_TARGET = 17.4;
			};
			name = Release;
		};
/* End XCBuildConfiguration section */

/* Begin XCConfigurationList section */
		D66A20132C62FBB100853C44 /* Build configuration list for PBXProject "VideoStackPOC" */ = {
			isa = XCConfigurationList;
			buildConfigurations = (
				D66A20242C62FBB200853C44 /* Debug */,
				D66A20252C62FBB200853C44 /* Release */,
			);
			defaultConfigurationIsVisible = 0;
			defaultConfigurationName = Release;
		};
		D66A20262C62FBB200853C44 /* Build configuration list for PBXNativeTarget "VideoStackPOC" */ = {
			isa = XCConfigurationList;
			buildConfigurations = (
				D66A20272C62FBB200853C44 /* Debug */,
				D66A20282C62FBB200853C44 /* Release */,
			);
			defaultConfigurationIsVisible = 0;
			defaultConfigurationName = Release;
		};
/* End XCConfigurationList section */
	};
	rootObject = D66A20102C62FBB100853C44 /* Project object */;
}
